// !$*UTF8*$!
{
	archiveVersion = 1;
	classes = {
	};
	objectVersion = 56;
	objects = {

/* Begin PBXBuildFile section */
		92B76BDD2938545A001E3794 /* MOPAProjectApp.swift in Sources */ = {isa = PBXBuildFile; fileRef = 92B76BDC2938545A001E3794 /* MOPAProjectApp.swift */; };
		92B76BDF2938545A001E3794 /* ContentView.swift in Sources */ = {isa = PBXBuildFile; fileRef = 92B76BDE2938545A001E3794 /* ContentView.swift */; };
		92B76BE12938545C001E3794 /* Assets.xcassets in Resources */ = {isa = PBXBuildFile; fileRef = 92B76BE02938545C001E3794 /* Assets.xcassets */; };
		92B76BE42938545C001E3794 /* Preview Assets.xcassets in Resources */ = {isa = PBXBuildFile; fileRef = 92B76BE32938545C001E3794 /* Preview Assets.xcassets */; };
		92B76BF32938553F001E3794 /* FeedView.swift in Sources */ = {isa = PBXBuildFile; fileRef = 92B76BF22938553F001E3794 /* FeedView.swift */; };
		92B76BF6293855F5001E3794 /* PostRowView.swift in Sources */ = {isa = PBXBuildFile; fileRef = 92B76BF5293855F5001E3794 /* PostRowView.swift */; };
		92B76BF929398313001E3794 /* MainTabView.swift in Sources */ = {isa = PBXBuildFile; fileRef = 92B76BF829398313001E3794 /* MainTabView.swift */; };
		92B76C0229398616001E3794 /* NotificationsView.swift in Sources */ = {isa = PBXBuildFile; fileRef = 92B76C0129398616001E3794 /* NotificationsView.swift */; };
		92B76C0429398626001E3794 /* MessagesView.swift in Sources */ = {isa = PBXBuildFile; fileRef = 92B76C0329398626001E3794 /* MessagesView.swift */; };
		92B76C08293988E5001E3794 /* ProfileView.swift in Sources */ = {isa = PBXBuildFile; fileRef = 92B76C07293988E5001E3794 /* ProfileView.swift */; };
		92B76C0A293D23CB001E3794 /* TweetFilterViewModel.swift in Sources */ = {isa = PBXBuildFile; fileRef = 92B76C09293D23CB001E3794 /* TweetFilterViewModel.swift */; };
		92B76C0F293D2E6D001E3794 /* ExploreView.swift in Sources */ = {isa = PBXBuildFile; fileRef = 92B76C0E293D2E6D001E3794 /* ExploreView.swift */; };
		92B76C12293D2FFD001E3794 /* UserRowView.swift in Sources */ = {isa = PBXBuildFile; fileRef = 92B76C11293D2FFD001E3794 /* UserRowView.swift */; };
		92B76C18293D8958001E3794 /* SideMenuView.swift in Sources */ = {isa = PBXBuildFile; fileRef = 92B76C17293D8958001E3794 /* SideMenuView.swift */; };
		92B76C1A293D896B001E3794 /* SideMenuRowView.swift in Sources */ = {isa = PBXBuildFile; fileRef = 92B76C19293D896B001E3794 /* SideMenuRowView.swift */; };
		92B76C1C293D8979001E3794 /* SideMenuViewModel.swift in Sources */ = {isa = PBXBuildFile; fileRef = 92B76C1B293D8979001E3794 /* SideMenuViewModel.swift */; };
		92B76C1E293D8B87001E3794 /* UserStatsView.swift in Sources */ = {isa = PBXBuildFile; fileRef = 92B76C1D293D8B87001E3794 /* UserStatsView.swift */; };
		92B76C20293D9B2D001E3794 /* SideMenuOptionView.swift in Sources */ = {isa = PBXBuildFile; fileRef = 92B76C1F293D9B2D001E3794 /* SideMenuOptionView.swift */; };
/* End PBXBuildFile section */

/* Begin PBXFileReference section */
		92B76BD92938545A001E3794 /* MOPAProject.app */ = {isa = PBXFileReference; explicitFileType = wrapper.application; includeInIndex = 0; path = MOPAProject.app; sourceTree = BUILT_PRODUCTS_DIR; };
		92B76BDC2938545A001E3794 /* MOPAProjectApp.swift */ = {isa = PBXFileReference; lastKnownFileType = sourcecode.swift; path = MOPAProjectApp.swift; sourceTree = "<group>"; };
		92B76BDE2938545A001E3794 /* ContentView.swift */ = {isa = PBXFileReference; lastKnownFileType = sourcecode.swift; path = ContentView.swift; sourceTree = "<group>"; };
		92B76BE02938545C001E3794 /* Assets.xcassets */ = {isa = PBXFileReference; lastKnownFileType = folder.assetcatalog; path = Assets.xcassets; sourceTree = "<group>"; };
		92B76BE32938545C001E3794 /* Preview Assets.xcassets */ = {isa = PBXFileReference; lastKnownFileType = folder.assetcatalog; path = "Preview Assets.xcassets"; sourceTree = "<group>"; };
		92B76BF22938553F001E3794 /* FeedView.swift */ = {isa = PBXFileReference; lastKnownFileType = sourcecode.swift; path = FeedView.swift; sourceTree = "<group>"; };
		92B76BF5293855F5001E3794 /* PostRowView.swift */ = {isa = PBXFileReference; lastKnownFileType = sourcecode.swift; path = PostRowView.swift; sourceTree = "<group>"; };
		92B76BF829398313001E3794 /* MainTabView.swift */ = {isa = PBXFileReference; lastKnownFileType = sourcecode.swift; path = MainTabView.swift; sourceTree = "<group>"; };
		92B76C0129398616001E3794 /* NotificationsView.swift */ = {isa = PBXFileReference; lastKnownFileType = sourcecode.swift; path = NotificationsView.swift; sourceTree = "<group>"; };
		92B76C0329398626001E3794 /* MessagesView.swift */ = {isa = PBXFileReference; lastKnownFileType = sourcecode.swift; path = MessagesView.swift; sourceTree = "<group>"; };
		92B76C07293988E5001E3794 /* ProfileView.swift */ = {isa = PBXFileReference; lastKnownFileType = sourcecode.swift; path = ProfileView.swift; sourceTree = "<group>"; };
		92B76C09293D23CB001E3794 /* TweetFilterViewModel.swift */ = {isa = PBXFileReference; lastKnownFileType = sourcecode.swift; path = TweetFilterViewModel.swift; sourceTree = "<group>"; };
		92B76C0E293D2E6D001E3794 /* ExploreView.swift */ = {isa = PBXFileReference; lastKnownFileType = sourcecode.swift; path = ExploreView.swift; sourceTree = "<group>"; };
		92B76C11293D2FFD001E3794 /* UserRowView.swift */ = {isa = PBXFileReference; lastKnownFileType = sourcecode.swift; path = UserRowView.swift; sourceTree = "<group>"; };
		92B76C17293D8958001E3794 /* SideMenuView.swift */ = {isa = PBXFileReference; lastKnownFileType = sourcecode.swift; path = SideMenuView.swift; sourceTree = "<group>"; };
		92B76C19293D896B001E3794 /* SideMenuRowView.swift */ = {isa = PBXFileReference; lastKnownFileType = sourcecode.swift; path = SideMenuRowView.swift; sourceTree = "<group>"; };
		92B76C1B293D8979001E3794 /* SideMenuViewModel.swift */ = {isa = PBXFileReference; lastKnownFileType = sourcecode.swift; path = SideMenuViewModel.swift; sourceTree = "<group>"; };
		92B76C1D293D8B87001E3794 /* UserStatsView.swift */ = {isa = PBXFileReference; lastKnownFileType = sourcecode.swift; path = UserStatsView.swift; sourceTree = "<group>"; };
		92B76C1F293D9B2D001E3794 /* SideMenuOptionView.swift */ = {isa = PBXFileReference; lastKnownFileType = sourcecode.swift; path = SideMenuOptionView.swift; sourceTree = "<group>"; };
/* End PBXFileReference section */

/* Begin PBXFrameworksBuildPhase section */
		92B76BD62938545A001E3794 /* Frameworks */ = {
			isa = PBXFrameworksBuildPhase;
			buildActionMask = 2147483647;
			files = (
			);
			runOnlyForDeploymentPostprocessing = 0;
		};
/* End PBXFrameworksBuildPhase section */

/* Begin PBXGroup section */
		92B76BD02938545A001E3794 = {
			isa = PBXGroup;
			children = (
				92B76BDB2938545A001E3794 /* MOPAProject */,
				92B76BDA2938545A001E3794 /* Products */,
			);
			sourceTree = "<group>";
		};
		92B76BDA2938545A001E3794 /* Products */ = {
			isa = PBXGroup;
			children = (
				92B76BD92938545A001E3794 /* MOPAProject.app */,
			);
			name = Products;
			sourceTree = "<group>";
		};
		92B76BDB2938545A001E3794 /* MOPAProject */ = {
			isa = PBXGroup;
			children = (
				92B76BED293854C6001E3794 /* EExtensions */,
				92B76BEC293854C4001E3794 /* Model */,
				92B76BEB293854C1001E3794 /* Service */,
				92B76BEA293854AA001E3794 /* Core */,
				92B76BDC2938545A001E3794 /* MOPAProjectApp.swift */,
				92B76BDE2938545A001E3794 /* ContentView.swift */,
				92B76BE02938545C001E3794 /* Assets.xcassets */,
				92B76BE22938545C001E3794 /* Preview Content */,
			);
			path = MOPAProject;
			sourceTree = "<group>";
		};
		92B76BE22938545C001E3794 /* Preview Content */ = {
			isa = PBXGroup;
			children = (
				92B76BE32938545C001E3794 /* Preview Assets.xcassets */,
			);
			path = "Preview Content";
			sourceTree = "<group>";
		};
		92B76BEA293854AA001E3794 /* Core */ = {
			isa = PBXGroup;
			children = (
				92B76C13293D892E001E3794 /* SideMenu */,
				92B76BEF293854EF001E3794 /* Components */,
				92B76BFE293985E3001E3794 /* Profile */,
				92B76BFC293985C3001E3794 /* Explore */,
				92B76BFB293985B7001E3794 /* Notifications */,
				92B76BFA293985B5001E3794 /* Messages */,
				92B76BF7293982F9001E3794 /* MainTab */,
				92B76BEE293854EC001E3794 /* Feed */,
			);
			path = Core;
			sourceTree = "<group>";
		};
		92B76BEB293854C1001E3794 /* Service */ = {
			isa = PBXGroup;
			children = (
			);
			path = Service;
			sourceTree = "<group>";
		};
		92B76BEC293854C4001E3794 /* Model */ = {
			isa = PBXGroup;
			children = (
			);
			path = Model;
			sourceTree = "<group>";
		};
		92B76BED293854C6001E3794 /* EExtensions */ = {
			isa = PBXGroup;
			children = (
			);
			path = EExtensions;
			sourceTree = "<group>";
		};
		92B76BEE293854EC001E3794 /* Feed */ = {
			isa = PBXGroup;
			children = (
				92B76BF129385521001E3794 /* ViewModels */,
				92B76BF02938551D001E3794 /* View */,
			);
			path = Feed;
			sourceTree = "<group>";
		};
		92B76BEF293854EF001E3794 /* Components */ = {
			isa = PBXGroup;
			children = (
				92B76C10293D2FE8001E3794 /* Users */,
				92B76BF4293855B7001E3794 /* Post */,
			);
			path = Components;
			sourceTree = "<group>";
		};
		92B76BF02938551D001E3794 /* View */ = {
			isa = PBXGroup;
			children = (
				92B76BF22938553F001E3794 /* FeedView.swift */,
			);
			path = View;
			sourceTree = "<group>";
		};
		92B76BF129385521001E3794 /* ViewModels */ = {
			isa = PBXGroup;
			children = (
			);
			path = ViewModels;
			sourceTree = "<group>";
		};
		92B76BF4293855B7001E3794 /* Post */ = {
			isa = PBXGroup;
			children = (
				92B76BF5293855F5001E3794 /* PostRowView.swift */,
			);
			path = Post;
			sourceTree = "<group>";
		};
		92B76BF7293982F9001E3794 /* MainTab */ = {
			isa = PBXGroup;
			children = (
				92B76BF829398313001E3794 /* MainTabView.swift */,
			);
			path = MainTab;
			sourceTree = "<group>";
		};
		92B76BFA293985B5001E3794 /* Messages */ = {
			isa = PBXGroup;
			children = (
				92B76C0329398626001E3794 /* MessagesView.swift */,
			);
			path = Messages;
			sourceTree = "<group>";
		};
		92B76BFB293985B7001E3794 /* Notifications */ = {
			isa = PBXGroup;
			children = (
				92B76C0129398616001E3794 /* NotificationsView.swift */,
			);
			path = Notifications;
			sourceTree = "<group>";
		};
		92B76BFC293985C3001E3794 /* Explore */ = {
			isa = PBXGroup;
			children = (
				92B76C0B293D2C98001E3794 /* ViewModel */,
				92B76C0D293D2CAA001E3794 /* Views */,
			);
			path = Explore;
			sourceTree = "<group>";
		};
		92B76BFE293985E3001E3794 /* Profile */ = {
			isa = PBXGroup;
			children = (
				92B76C05293988CE001E3794 /* ViewModel */,
				92B76C06293988DA001E3794 /* Views */,
			);
			path = Profile;
			sourceTree = "<group>";
		};
		92B76C05293988CE001E3794 /* ViewModel */ = {
			isa = PBXGroup;
			children = (
				92B76C09293D23CB001E3794 /* TweetFilterViewModel.swift */,
			);
			path = ViewModel;
			sourceTree = "<group>";
		};
		92B76C06293988DA001E3794 /* Views */ = {
			isa = PBXGroup;
			children = (
				92B76C07293988E5001E3794 /* ProfileView.swift */,
			);
			path = Views;
			sourceTree = "<group>";
		};
		92B76C0B293D2C98001E3794 /* ViewModel */ = {
			isa = PBXGroup;
			children = (
			);
			path = ViewModel;
			sourceTree = "<group>";
		};
		92B76C0D293D2CAA001E3794 /* Views */ = {
			isa = PBXGroup;
			children = (
				92B76C0E293D2E6D001E3794 /* ExploreView.swift */,
			);
			path = Views;
			sourceTree = "<group>";
		};
		92B76C10293D2FE8001E3794 /* Users */ = {
			isa = PBXGroup;
			children = (
				92B76C11293D2FFD001E3794 /* UserRowView.swift */,
				92B76C1D293D8B87001E3794 /* UserStatsView.swift */,
			);
			path = Users;
			sourceTree = "<group>";
		};
		92B76C13293D892E001E3794 /* SideMenu */ = {
			isa = PBXGroup;
			children = (
				92B76C16293D8942001E3794 /* ViewModels */,
				92B76C15293D893B001E3794 /* Views */,
			);
			path = SideMenu;
			sourceTree = "<group>";
		};
		92B76C15293D893B001E3794 /* Views */ = {
			isa = PBXGroup;
			children = (
				92B76C17293D8958001E3794 /* SideMenuView.swift */,
				92B76C19293D896B001E3794 /* SideMenuRowView.swift */,
				92B76C1F293D9B2D001E3794 /* SideMenuOptionView.swift */,
			);
			path = Views;
			sourceTree = "<group>";
		};
		92B76C16293D8942001E3794 /* ViewModels */ = {
			isa = PBXGroup;
			children = (
				92B76C1B293D8979001E3794 /* SideMenuViewModel.swift */,
			);
			path = ViewModels;
			sourceTree = "<group>";
		};
/* End PBXGroup section */

/* Begin PBXNativeTarget section */
		92B76BD82938545A001E3794 /* MOPAProject */ = {
			isa = PBXNativeTarget;
			buildConfigurationList = 92B76BE72938545C001E3794 /* Build configuration list for PBXNativeTarget "MOPAProject" */;
			buildPhases = (
				92B76BD52938545A001E3794 /* Sources */,
				92B76BD62938545A001E3794 /* Frameworks */,
				92B76BD72938545A001E3794 /* Resources */,
			);
			buildRules = (
			);
			dependencies = (
			);
			name = MOPAProject;
			productName = MOPAProject;
			productReference = 92B76BD92938545A001E3794 /* MOPAProject.app */;
			productType = "com.apple.product-type.application";
		};
/* End PBXNativeTarget section */

/* Begin PBXProject section */
		92B76BD12938545A001E3794 /* Project object */ = {
			isa = PBXProject;
			attributes = {
				BuildIndependentTargetsInParallel = 1;
				LastSwiftUpdateCheck = 1410;
				LastUpgradeCheck = 1410;
				TargetAttributes = {
					92B76BD82938545A001E3794 = {
						CreatedOnToolsVersion = 14.1;
					};
				};
			};
			buildConfigurationList = 92B76BD42938545A001E3794 /* Build configuration list for PBXProject "MOPAProject" */;
			compatibilityVersion = "Xcode 14.0";
			developmentRegion = en;
			hasScannedForEncodings = 0;
			knownRegions = (
				en,
				Base,
			);
			mainGroup = 92B76BD02938545A001E3794;
			productRefGroup = 92B76BDA2938545A001E3794 /* Products */;
			projectDirPath = "";
			projectRoot = "";
			targets = (
				92B76BD82938545A001E3794 /* MOPAProject */,
			);
		};
/* End PBXProject section */

/* Begin PBXResourcesBuildPhase section */
		92B76BD72938545A001E3794 /* Resources */ = {
			isa = PBXResourcesBuildPhase;
			buildActionMask = 2147483647;
			files = (
				92B76BE42938545C001E3794 /* Preview Assets.xcassets in Resources */,
				92B76BE12938545C001E3794 /* Assets.xcassets in Resources */,
			);
			runOnlyForDeploymentPostprocessing = 0;
		};
/* End PBXResourcesBuildPhase section */

/* Begin PBXSourcesBuildPhase section */
		92B76BD52938545A001E3794 /* Sources */ = {
			isa = PBXSourcesBuildPhase;
			buildActionMask = 2147483647;
			files = (
				92B76C0429398626001E3794 /* MessagesView.swift in Sources */,
				92B76C20293D9B2D001E3794 /* SideMenuOptionView.swift in Sources */,
				92B76C08293988E5001E3794 /* ProfileView.swift in Sources */,
				92B76BDF2938545A001E3794 /* ContentView.swift in Sources */,
				92B76C1A293D896B001E3794 /* SideMenuRowView.swift in Sources */,
				92B76BF6293855F5001E3794 /* PostRowView.swift in Sources */,
				92B76C0F293D2E6D001E3794 /* ExploreView.swift in Sources */,
				92B76C0A293D23CB001E3794 /* TweetFilterViewModel.swift in Sources */,
				92B76C18293D8958001E3794 /* SideMenuView.swift in Sources */,
				92B76BF32938553F001E3794 /* FeedView.swift in Sources */,
				92B76BDD2938545A001E3794 /* MOPAProjectApp.swift in Sources */,
				92B76C1C293D8979001E3794 /* SideMenuViewModel.swift in Sources */,
				92B76C12293D2FFD001E3794 /* UserRowView.swift in Sources */,
				92B76BF929398313001E3794 /* MainTabView.swift in Sources */,
				92B76C0229398616001E3794 /* NotificationsView.swift in Sources */,
				92B76C1E293D8B87001E3794 /* UserStatsView.swift in Sources */,
			);
			runOnlyForDeploymentPostprocessing = 0;
		};
/* End PBXSourcesBuildPhase section */

/* Begin XCBuildConfiguration section */
		92B76BE52938545C001E3794 /* Debug */ = {
			isa = XCBuildConfiguration;
			buildSettings = {
				ALWAYS_SEARCH_USER_PATHS = NO;
				CLANG_ANALYZER_NONNULL = YES;
				CLANG_ANALYZER_NUMBER_OBJECT_CONVERSION = YES_AGGRESSIVE;
				CLANG_CXX_LANGUAGE_STANDARD = "gnu++20";
				CLANG_ENABLE_MODULES = YES;
				CLANG_ENABLE_OBJC_ARC = YES;
				CLANG_ENABLE_OBJC_WEAK = YES;
				CLANG_WARN_BLOCK_CAPTURE_AUTORELEASING = YES;
				CLANG_WARN_BOOL_CONVERSION = YES;
				CLANG_WARN_COMMA = YES;
				CLANG_WARN_CONSTANT_CONVERSION = YES;
				CLANG_WARN_DEPRECATED_OBJC_IMPLEMENTATIONS = YES;
				CLANG_WARN_DIRECT_OBJC_ISA_USAGE = YES_ERROR;
				CLANG_WARN_DOCUMENTATION_COMMENTS = YES;
				CLANG_WARN_EMPTY_BODY = YES;
				CLANG_WARN_ENUM_CONVERSION = YES;
				CLANG_WARN_INFINITE_RECURSION = YES;
				CLANG_WARN_INT_CONVERSION = YES;
				CLANG_WARN_NON_LITERAL_NULL_CONVERSION = YES;
				CLANG_WARN_OBJC_IMPLICIT_RETAIN_SELF = YES;
				CLANG_WARN_OBJC_LITERAL_CONVERSION = YES;
				CLANG_WARN_OBJC_ROOT_CLASS = YES_ERROR;
				CLANG_WARN_QUOTED_INCLUDE_IN_FRAMEWORK_HEADER = YES;
				CLANG_WARN_RANGE_LOOP_ANALYSIS = YES;
				CLANG_WARN_STRICT_PROTOTYPES = YES;
				CLANG_WARN_SUSPICIOUS_MOVE = YES;
				CLANG_WARN_UNGUARDED_AVAILABILITY = YES_AGGRESSIVE;
				CLANG_WARN_UNREACHABLE_CODE = YES;
				CLANG_WARN__DUPLICATE_METHOD_MATCH = YES;
				COPY_PHASE_STRIP = NO;
				DEBUG_INFORMATION_FORMAT = dwarf;
				ENABLE_STRICT_OBJC_MSGSEND = YES;
				ENABLE_TESTABILITY = YES;
				GCC_C_LANGUAGE_STANDARD = gnu11;
				GCC_DYNAMIC_NO_PIC = NO;
				GCC_NO_COMMON_BLOCKS = YES;
				GCC_OPTIMIZATION_LEVEL = 0;
				GCC_PREPROCESSOR_DEFINITIONS = (
					"DEBUG=1",
					"$(inherited)",
				);
				GCC_WARN_64_TO_32_BIT_CONVERSION = YES;
				GCC_WARN_ABOUT_RETURN_TYPE = YES_ERROR;
				GCC_WARN_UNDECLARED_SELECTOR = YES;
				GCC_WARN_UNINITIALIZED_AUTOS = YES_AGGRESSIVE;
				GCC_WARN_UNUSED_FUNCTION = YES;
				GCC_WARN_UNUSED_VARIABLE = YES;
				IPHONEOS_DEPLOYMENT_TARGET = 16.1;
				MTL_ENABLE_DEBUG_INFO = INCLUDE_SOURCE;
				MTL_FAST_MATH = YES;
				ONLY_ACTIVE_ARCH = YES;
				SDKROOT = iphoneos;
				SWIFT_ACTIVE_COMPILATION_CONDITIONS = DEBUG;
				SWIFT_OPTIMIZATION_LEVEL = "-Onone";
			};
			name = Debug;
		};
		92B76BE62938545C001E3794 /* Release */ = {
			isa = XCBuildConfiguration;
			buildSettings = {
				ALWAYS_SEARCH_USER_PATHS = NO;
				CLANG_ANALYZER_NONNULL = YES;
				CLANG_ANALYZER_NUMBER_OBJECT_CONVERSION = YES_AGGRESSIVE;
				CLANG_CXX_LANGUAGE_STANDARD = "gnu++20";
				CLANG_ENABLE_MODULES = YES;
				CLANG_ENABLE_OBJC_ARC = YES;
				CLANG_ENABLE_OBJC_WEAK = YES;
				CLANG_WARN_BLOCK_CAPTURE_AUTORELEASING = YES;
				CLANG_WARN_BOOL_CONVERSION = YES;
				CLANG_WARN_COMMA = YES;
				CLANG_WARN_CONSTANT_CONVERSION = YES;
				CLANG_WARN_DEPRECATED_OBJC_IMPLEMENTATIONS = YES;
				CLANG_WARN_DIRECT_OBJC_ISA_USAGE = YES_ERROR;
				CLANG_WARN_DOCUMENTATION_COMMENTS = YES;
				CLANG_WARN_EMPTY_BODY = YES;
				CLANG_WARN_ENUM_CONVERSION = YES;
				CLANG_WARN_INFINITE_RECURSION = YES;
				CLANG_WARN_INT_CONVERSION = YES;
				CLANG_WARN_NON_LITERAL_NULL_CONVERSION = YES;
				CLANG_WARN_OBJC_IMPLICIT_RETAIN_SELF = YES;
				CLANG_WARN_OBJC_LITERAL_CONVERSION = YES;
				CLANG_WARN_OBJC_ROOT_CLASS = YES_ERROR;
				CLANG_WARN_QUOTED_INCLUDE_IN_FRAMEWORK_HEADER = YES;
				CLANG_WARN_RANGE_LOOP_ANALYSIS = YES;
				CLANG_WARN_STRICT_PROTOTYPES = YES;
				CLANG_WARN_SUSPICIOUS_MOVE = YES;
				CLANG_WARN_UNGUARDED_AVAILABILITY = YES_AGGRESSIVE;
				CLANG_WARN_UNREACHABLE_CODE = YES;
				CLANG_WARN__DUPLICATE_METHOD_MATCH = YES;
				COPY_PHASE_STRIP = NO;
				DEBUG_INFORMATION_FORMAT = "dwarf-with-dsym";
				ENABLE_NS_ASSERTIONS = NO;
				ENABLE_STRICT_OBJC_MSGSEND = YES;
				GCC_C_LANGUAGE_STANDARD = gnu11;
				GCC_NO_COMMON_BLOCKS = YES;
				GCC_WARN_64_TO_32_BIT_CONVERSION = YES;
				GCC_WARN_ABOUT_RETURN_TYPE = YES_ERROR;
				GCC_WARN_UNDECLARED_SELECTOR = YES;
				GCC_WARN_UNINITIALIZED_AUTOS = YES_AGGRESSIVE;
				GCC_WARN_UNUSED_FUNCTION = YES;
				GCC_WARN_UNUSED_VARIABLE = YES;
				IPHONEOS_DEPLOYMENT_TARGET = 16.1;
				MTL_ENABLE_DEBUG_INFO = NO;
				MTL_FAST_MATH = YES;
				SDKROOT = iphoneos;
				SWIFT_COMPILATION_MODE = wholemodule;
				SWIFT_OPTIMIZATION_LEVEL = "-O";
				VALIDATE_PRODUCT = YES;
			};
			name = Release;
		};
		92B76BE82938545C001E3794 /* Debug */ = {
			isa = XCBuildConfiguration;
			buildSettings = {
				ASSETCATALOG_COMPILER_APPICON_NAME = AppIcon;
				ASSETCATALOG_COMPILER_GLOBAL_ACCENT_COLOR_NAME = AccentColor;
				CODE_SIGN_STYLE = Automatic;
				CURRENT_PROJECT_VERSION = 1;
				DEVELOPMENT_ASSET_PATHS = "\"MOPAProject/Preview Content\"";
				DEVELOPMENT_TEAM = 4MU58G3C6C;
				ENABLE_PREVIEWS = YES;
				GENERATE_INFOPLIST_FILE = YES;
				INFOPLIST_KEY_UIApplicationSceneManifest_Generation = YES;
				INFOPLIST_KEY_UIApplicationSupportsIndirectInputEvents = YES;
				INFOPLIST_KEY_UILaunchScreen_Generation = YES;
				INFOPLIST_KEY_UISupportedInterfaceOrientations_iPad = "UIInterfaceOrientationPortrait UIInterfaceOrientationPortraitUpsideDown UIInterfaceOrientationLandscapeLeft UIInterfaceOrientationLandscapeRight";
				INFOPLIST_KEY_UISupportedInterfaceOrientations_iPhone = "UIInterfaceOrientationPortrait UIInterfaceOrientationLandscapeLeft UIInterfaceOrientationLandscapeRight";
				LD_RUNPATH_SEARCH_PATHS = (
					"$(inherited)",
					"@executable_path/Frameworks",
				);
				MARKETING_VERSION = 1.0;
				PRODUCT_BUNDLE_IDENTIFIER = com.alangloria.MOPAProject;
				PRODUCT_NAME = "$(TARGET_NAME)";
				SWIFT_EMIT_LOC_STRINGS = YES;
				SWIFT_VERSION = 5.0;
				TARGETED_DEVICE_FAMILY = "1,2";
			};
			name = Debug;
		};
		92B76BE92938545C001E3794 /* Release */ = {
			isa = XCBuildConfiguration;
			buildSettings = {
				ASSETCATALOG_COMPILER_APPICON_NAME = AppIcon;
				ASSETCATALOG_COMPILER_GLOBAL_ACCENT_COLOR_NAME = AccentColor;
				CODE_SIGN_STYLE = Automatic;
				CURRENT_PROJECT_VERSION = 1;
				DEVELOPMENT_ASSET_PATHS = "\"MOPAProject/Preview Content\"";
				DEVELOPMENT_TEAM = 4MU58G3C6C;
				ENABLE_PREVIEWS = YES;
				GENERATE_INFOPLIST_FILE = YES;
				INFOPLIST_KEY_UIApplicationSceneManifest_Generation = YES;
				INFOPLIST_KEY_UIApplicationSupportsIndirectInputEvents = YES;
				INFOPLIST_KEY_UILaunchScreen_Generation = YES;
				INFOPLIST_KEY_UISupportedInterfaceOrientations_iPad = "UIInterfaceOrientationPortrait UIInterfaceOrientationPortraitUpsideDown UIInterfaceOrientationLandscapeLeft UIInterfaceOrientationLandscapeRight";
				INFOPLIST_KEY_UISupportedInterfaceOrientations_iPhone = "UIInterfaceOrientationPortrait UIInterfaceOrientationLandscapeLeft UIInterfaceOrientationLandscapeRight";
				LD_RUNPATH_SEARCH_PATHS = (
					"$(inherited)",
					"@executable_path/Frameworks",
				);
				MARKETING_VERSION = 1.0;
				PRODUCT_BUNDLE_IDENTIFIER = com.alangloria.MOPAProject;
				PRODUCT_NAME = "$(TARGET_NAME)";
				SWIFT_EMIT_LOC_STRINGS = YES;
				SWIFT_VERSION = 5.0;
				TARGETED_DEVICE_FAMILY = "1,2";
			};
			name = Release;
		};
/* End XCBuildConfiguration section */

/* Begin XCConfigurationList section */
		92B76BD42938545A001E3794 /* Build configuration list for PBXProject "MOPAProject" */ = {
			isa = XCConfigurationList;
			buildConfigurations = (
				92B76BE52938545C001E3794 /* Debug */,
				92B76BE62938545C001E3794 /* Release */,
			);
			defaultConfigurationIsVisible = 0;
			defaultConfigurationName = Release;
		};
		92B76BE72938545C001E3794 /* Build configuration list for PBXNativeTarget "MOPAProject" */ = {
			isa = XCConfigurationList;
			buildConfigurations = (
				92B76BE82938545C001E3794 /* Debug */,
				92B76BE92938545C001E3794 /* Release */,
			);
			defaultConfigurationIsVisible = 0;
			defaultConfigurationName = Release;
		};
/* End XCConfigurationList section */
	};
	rootObject = 92B76BD12938545A001E3794 /* Project object */;
}
